
Microsoft Visual Studio Solution File, Format Version 12.00
# Visual Studio Version 16
VisualStudioVersion = 16.0.32413.511
MinimumVisualStudioVersion = 10.0.40219.1
Project("{FAE04EC0-301F-11D3-BF4B-00C04F79EFBC}") = "FaceRecognition", "FaceRecognition\FaceRecognition.csproj", "{17168457-C76A-45CB-BEF3-EF1921FF6F71}"
EndProject
Global
	GlobalSection(SolutionConfigurationPlatforms) = preSolution
		Debug|Any CPU = Debug|Any CPU
		Release|Any CPU = Release|Any CPU
	EndGlobalSection
	GlobalSection(ProjectConfigurationPlatforms) = postSolution
		{17168457-C76A-45CB-BEF3-EF1921FF6F71}.Debug|Any CPU.ActiveCfg = Debug|Any CPU
		{17168457-C76A-45CB-BEF3-EF1921FF6F71}.Debug|Any CPU.Build.0 = Debug|Any CPU
		{17168457-C76A-45CB-BEF3-EF1921FF6F71}.Release|Any CPU.ActiveCfg = Release|Any CPU
		{17168457-C76A-45CB-BEF3-EF1921FF6F71}.Release|Any CPU.Build.0 = Release|Any CPU
	EndGlobalSection
	GlobalSection(SolutionProperties) = preSolution
		HideSolutionNode = FALSE
	EndGlobalSection
	GlobalSection(ExtensibilityGlobals) = postSolution
		SolutionGuid = {D8370FD7-AF1A-41D2-86F2-B5A98CB5878F}
	EndGlobalSection
EndGlobal
